
Microsoft Visual Studio Solution File, Format Version 12.00
Project("{FAE04EC0-301F-11D3-BF4B-00C04F79EFBC}") = "APBD_01", "APBD_01\APBD_01.csproj", "{10CA8AE7-5D99-435E-9450-3116A504F3A1}"
EndProject
Global
	GlobalSection(SolutionConfigurationPlatforms) = preSolution
		Debug|Any CPU = Debug|Any CPU
		Release|Any CPU = Release|Any CPU
	EndGlobalSection
	GlobalSection(ProjectConfigurationPlatforms) = postSolution
		{10CA8AE7-5D99-435E-9450-3116A504F3A1}.Debug|Any CPU.ActiveCfg = Debug|Any CPU
		{10CA8AE7-5D99-435E-9450-3116A504F3A1}.Debug|Any CPU.Build.0 = Debug|Any CPU
		{10CA8AE7-5D99-435E-9450-3116A504F3A1}.Release|Any CPU.ActiveCfg = Release|Any CPU
		{10CA8AE7-5D99-435E-9450-3116A504F3A1}.Release|Any CPU.Build.0 = Release|Any CPU
	EndGlobalSection
EndGlobal
